
Microsoft Visual Studio Solution File, Format Version 12.00
# Visual Studio Version 16
VisualStudioVersion = 16.0.30204.135
MinimumVisualStudioVersion = 10.0.40219.1
Project("{9A19103F-16F7-4668-BE54-9A1E7A4F7556}") = "ConsoleServiceTopShelfQuartz", "ConsoleServiceTopShelf\ConsoleServiceTopShelfQuartz.csproj", "{B4C2A3D4-CE04-4C80-9F34-06BFA82CBA3C}"
EndProject
Global
	GlobalSection(SolutionConfigurationPlatforms) = preSolution
		Debug|Any CPU = Debug|Any CPU
		Release|Any CPU = Release|Any CPU
	EndGlobalSection
	GlobalSection(ProjectConfigurationPlatforms) = postSolution
		{B4C2A3D4-CE04-4C80-9F34-06BFA82CBA3C}.Debug|Any CPU.ActiveCfg = Debug|Any CPU
		{B4C2A3D4-CE04-4C80-9F34-06BFA82CBA3C}.Debug|Any CPU.Build.0 = Debug|Any CPU
		{B4C2A3D4-CE04-4C80-9F34-06BFA82CBA3C}.Release|Any CPU.ActiveCfg = Release|Any CPU
		{B4C2A3D4-CE04-4C80-9F34-06BFA82CBA3C}.Release|Any CPU.Build.0 = Release|Any CPU
	EndGlobalSection
	GlobalSection(SolutionProperties) = preSolution
		HideSolutionNode = FALSE
	EndGlobalSection
	GlobalSection(ExtensibilityGlobals) = postSolution
		SolutionGuid = {43EF3846-E99F-478F-8326-333CA0B1BB5E}
	EndGlobalSection
EndGlobal
